// !$*UTF8*$!
{
	archiveVersion = 1;
	classes = {
	};
	objectVersion = 55;
	objects = {

/* Begin PBXBuildFile section */
		84C9028627D2445F009BD533 /* JogoDaMemoriaApp.swift in Sources */ = {isa = PBXBuildFile; fileRef = 84C9028527D2445F009BD533 /* JogoDaMemoriaApp.swift */; };
		84C9028827D2445F009BD533 /* ContentView.swift in Sources */ = {isa = PBXBuildFile; fileRef = 84C9028727D2445F009BD533 /* ContentView.swift */; };
		84C9028A27D24460009BD533 /* Assets.xcassets in Resources */ = {isa = PBXBuildFile; fileRef = 84C9028927D24460009BD533 /* Assets.xcassets */; };
		84C9028D27D24460009BD533 /* Preview Assets.xcassets in Resources */ = {isa = PBXBuildFile; fileRef = 84C9028C27D24460009BD533 /* Preview Assets.xcassets */; };
		84C9029727D24460009BD533 /* JogoDaMemoriaTests.swift in Sources */ = {isa = PBXBuildFile; fileRef = 84C9029627D24460009BD533 /* JogoDaMemoriaTests.swift */; };
		84C902A127D24460009BD533 /* JogoDaMemoriaUITests.swift in Sources */ = {isa = PBXBuildFile; fileRef = 84C902A027D24460009BD533 /* JogoDaMemoriaUITests.swift */; };
		84C902A327D24460009BD533 /* JogoDaMemoriaUITestsLaunchTests.swift in Sources */ = {isa = PBXBuildFile; fileRef = 84C902A227D24460009BD533 /* JogoDaMemoriaUITestsLaunchTests.swift */; };
/* End PBXBuildFile section */

/* Begin PBXContainerItemProxy section */
		84C9029327D24460009BD533 /* PBXContainerItemProxy */ = {
			isa = PBXContainerItemProxy;
			containerPortal = 84C9027A27D2445F009BD533 /* Project object */;
			proxyType = 1;
			remoteGlobalIDString = 84C9028127D2445F009BD533;
			remoteInfo = JogoDaMemoria;
		};
		84C9029D27D24460009BD533 /* PBXContainerItemProxy */ = {
			isa = PBXContainerItemProxy;
			containerPortal = 84C9027A27D2445F009BD533 /* Project object */;
			proxyType = 1;
			remoteGlobalIDString = 84C9028127D2445F009BD533;
			remoteInfo = JogoDaMemoria;
		};
/* End PBXContainerItemProxy section */

/* Begin PBXFileReference section */
		84C9028227D2445F009BD533 /* JogoDaMemoria.app */ = {isa = PBXFileReference; explicitFileType = wrapper.application; includeInIndex = 0; path = JogoDaMemoria.app; sourceTree = BUILT_PRODUCTS_DIR; };
		84C9028527D2445F009BD533 /* JogoDaMemoriaApp.swift */ = {isa = PBXFileReference; lastKnownFileType = sourcecode.swift; path = JogoDaMemoriaApp.swift; sourceTree = "<group>"; };
		84C9028727D2445F009BD533 /* ContentView.swift */ = {isa = PBXFileReference; lastKnownFileType = sourcecode.swift; path = ContentView.swift; sourceTree = "<group>"; };
		84C9028927D24460009BD533 /* Assets.xcassets */ = {isa = PBXFileReference; lastKnownFileType = folder.assetcatalog; path = Assets.xcassets; sourceTree = "<group>"; };
		84C9028C27D24460009BD533 /* Preview Assets.xcassets */ = {isa = PBXFileReference; lastKnownFileType = folder.assetcatalog; path = "Preview Assets.xcassets"; sourceTree = "<group>"; };
		84C9029227D24460009BD533 /* JogoDaMemoriaTests.xctest */ = {isa = PBXFileReference; explicitFileType = wrapper.cfbundle; includeInIndex = 0; path = JogoDaMemoriaTests.xctest; sourceTree = BUILT_PRODUCTS_DIR; };
		84C9029627D24460009BD533 /* JogoDaMemoriaTests.swift */ = {isa = PBXFileReference; lastKnownFileType = sourcecode.swift; path = JogoDaMemoriaTests.swift; sourceTree = "<group>"; };
		84C9029C27D24460009BD533 /* JogoDaMemoriaUITests.xctest */ = {isa = PBXFileReference; explicitFileType = wrapper.cfbundle; includeInIndex = 0; path = JogoDaMemoriaUITests.xctest; sourceTree = BUILT_PRODUCTS_DIR; };
		84C902A027D24460009BD533 /* JogoDaMemoriaUITests.swift */ = {isa = PBXFileReference; lastKnownFileType = sourcecode.swift; path = JogoDaMemoriaUITests.swift; sourceTree = "<group>"; };
		84C902A227D24460009BD533 /* JogoDaMemoriaUITestsLaunchTests.swift */ = {isa = PBXFileReference; lastKnownFileType = sourcecode.swift; path = JogoDaMemoriaUITestsLaunchTests.swift; sourceTree = "<group>"; };
/* End PBXFileReference section */

/* Begin PBXFrameworksBuildPhase section */
		84C9027F27D2445F009BD533 /* Frameworks */ = {
			isa = PBXFrameworksBuildPhase;
			buildActionMask = 2147483647;
			files = (
			);
			runOnlyForDeploymentPostprocessing = 0;
		};
		84C9028F27D24460009BD533 /* Frameworks */ = {
			isa = PBXFrameworksBuildPhase;
			buildActionMask = 2147483647;
			files = (
			);
			runOnlyForDeploymentPostprocessing = 0;
		};
		84C9029927D24460009BD533 /* Frameworks */ = {
			isa = PBXFrameworksBuildPhase;
			buildActionMask = 2147483647;
			files = (
			);
			runOnlyForDeploymentPostprocessing = 0;
		};
/* End PBXFrameworksBuildPhase section */

/* Begin PBXGroup section */
		84C9027927D2445F009BD533 = {
			isa = PBXGroup;
			children = (
				84C9028427D2445F009BD533 /* JogoDaMemoria */,
				84C9029527D24460009BD533 /* JogoDaMemoriaTests */,
				84C9029F27D24460009BD533 /* JogoDaMemoriaUITests */,
				84C9028327D2445F009BD533 /* Products */,
			);
			sourceTree = "<group>";
		};
		84C9028327D2445F009BD533 /* Products */ = {
			isa = PBXGroup;
			children = (
				84C9028227D2445F009BD533 /* JogoDaMemoria.app */,
				84C9029227D24460009BD533 /* JogoDaMemoriaTests.xctest */,
				84C9029C27D24460009BD533 /* JogoDaMemoriaUITests.xctest */,
			);
			name = Products;
			sourceTree = "<group>";
		};
		84C9028427D2445F009BD533 /* JogoDaMemoria */ = {
			isa = PBXGroup;
			children = (
				84C9028527D2445F009BD533 /* JogoDaMemoriaApp.swift */,
				84C9028727D2445F009BD533 /* ContentView.swift */,
				84C9028927D24460009BD533 /* Assets.xcassets */,
				84C9028B27D24460009BD533 /* Preview Content */,
			);
			path = JogoDaMemoria;
			sourceTree = "<group>";
		};
		84C9028B27D24460009BD533 /* Preview Content */ = {
			isa = PBXGroup;
			children = (
				84C9028C27D24460009BD533 /* Preview Assets.xcassets */,
			);
			path = "Preview Content";
			sourceTree = "<group>";
		};
		84C9029527D24460009BD533 /* JogoDaMemoriaTests */ = {
			isa = PBXGroup;
			children = (
				84C9029627D24460009BD533 /* JogoDaMemoriaTests.swift */,
			);
			path = JogoDaMemoriaTests;
			sourceTree = "<group>";
		};
		84C9029F27D24460009BD533 /* JogoDaMemoriaUITests */ = {
			isa = PBXGroup;
			children = (
				84C902A027D24460009BD533 /* JogoDaMemoriaUITests.swift */,
				84C902A227D24460009BD533 /* JogoDaMemoriaUITestsLaunchTests.swift */,
			);
			path = JogoDaMemoriaUITests;
			sourceTree = "<group>";
		};
/* End PBXGroup section */

/* Begin PBXNativeTarget section */
		84C9028127D2445F009BD533 /* JogoDaMemoria */ = {
			isa = PBXNativeTarget;
			buildConfigurationList = 84C902A627D24460009BD533 /* Build configuration list for PBXNativeTarget "JogoDaMemoria" */;
			buildPhases = (
				84C9027E27D2445F009BD533 /* Sources */,
				84C9027F27D2445F009BD533 /* Frameworks */,
				84C9028027D2445F009BD533 /* Resources */,
			);
			buildRules = (
			);
			dependencies = (
			);
			name = JogoDaMemoria;
			productName = JogoDaMemoria;
			productReference = 84C9028227D2445F009BD533 /* JogoDaMemoria.app */;
			productType = "com.apple.product-type.application";
		};
		84C9029127D24460009BD533 /* JogoDaMemoriaTests */ = {
			isa = PBXNativeTarget;
			buildConfigurationList = 84C902A927D24460009BD533 /* Build configuration list for PBXNativeTarget "JogoDaMemoriaTests" */;
			buildPhases = (
				84C9028E27D24460009BD533 /* Sources */,
				84C9028F27D24460009BD533 /* Frameworks */,
				84C9029027D24460009BD533 /* Resources */,
			);
			buildRules = (
			);
			dependencies = (
				84C9029427D24460009BD533 /* PBXTargetDependency */,
			);
			name = JogoDaMemoriaTests;
			productName = JogoDaMemoriaTests;
			productReference = 84C9029227D24460009BD533 /* JogoDaMemoriaTests.xctest */;
			productType = "com.apple.product-type.bundle.unit-test";
		};
		84C9029B27D24460009BD533 /* JogoDaMemoriaUITests */ = {
			isa = PBXNativeTarget;
			buildConfigurationList = 84C902AC27D24460009BD533 /* Build configuration list for PBXNativeTarget "JogoDaMemoriaUITests" */;
			buildPhases = (
				84C9029827D24460009BD533 /* Sources */,
				84C9029927D24460009BD533 /* Frameworks */,
				84C9029A27D24460009BD533 /* Resources */,
			);
			buildRules = (
			);
			dependencies = (
				84C9029E27D24460009BD533 /* PBXTargetDependency */,
			);
			name = JogoDaMemoriaUITests;
			productName = JogoDaMemoriaUITests;
			productReference = 84C9029C27D24460009BD533 /* JogoDaMemoriaUITests.xctest */;
			productType = "com.apple.product-type.bundle.ui-testing";
		};
/* End PBXNativeTarget section */

/* Begin PBXProject section */
		84C9027A27D2445F009BD533 /* Project object */ = {
			isa = PBXProject;
			attributes = {
				BuildIndependentTargetsInParallel = 1;
				LastSwiftUpdateCheck = 1320;
				LastUpgradeCheck = 1320;
				TargetAttributes = {
					84C9028127D2445F009BD533 = {
						CreatedOnToolsVersion = 13.2.1;
					};
					84C9029127D24460009BD533 = {
						CreatedOnToolsVersion = 13.2.1;
						TestTargetID = 84C9028127D2445F009BD533;
					};
					84C9029B27D24460009BD533 = {
						CreatedOnToolsVersion = 13.2.1;
						TestTargetID = 84C9028127D2445F009BD533;
					};
				};
			};
			buildConfigurationList = 84C9027D27D2445F009BD533 /* Build configuration list for PBXProject "JogoDaMemoria" */;
			compatibilityVersion = "Xcode 13.0";
			developmentRegion = en;
			hasScannedForEncodings = 0;
			knownRegions = (
				en,
				Base,
			);
			mainGroup = 84C9027927D2445F009BD533;
			productRefGroup = 84C9028327D2445F009BD533 /* Products */;
			projectDirPath = "";
			projectRoot = "";
			targets = (
				84C9028127D2445F009BD533 /* JogoDaMemoria */,
				84C9029127D24460009BD533 /* JogoDaMemoriaTests */,
				84C9029B27D24460009BD533 /* JogoDaMemoriaUITests */,
			);
		};
/* End PBXProject section */

/* Begin PBXResourcesBuildPhase section */
		84C9028027D2445F009BD533 /* Resources */ = {
			isa = PBXResourcesBuildPhase;
			buildActionMask = 2147483647;
			files = (
				84C9028D27D24460009BD533 /* Preview Assets.xcassets in Resources */,
				84C9028A27D24460009BD533 /* Assets.xcassets in Resources */,
			);
			runOnlyForDeploymentPostprocessing = 0;
		};
		84C9029027D24460009BD533 /* Resources */ = {
			isa = PBXResourcesBuildPhase;
			buildActionMask = 2147483647;
			files = (
			);
			runOnlyForDeploymentPostprocessing = 0;
		};
		84C9029A27D24460009BD533 /* Resources */ = {
			isa = PBXResourcesBuildPhase;
			buildActionMask = 2147483647;
			files = (
			);
			runOnlyForDeploymentPostprocessing = 0;
		};
/* End PBXResourcesBuildPhase section */

/* Begin PBXSourcesBuildPhase section */
		84C9027E27D2445F009BD533 /* Sources */ = {
			isa = PBXSourcesBuildPhase;
			buildActionMask = 2147483647;
			files = (
				84C9028827D2445F009BD533 /* ContentView.swift in Sources */,
				84C9028627D2445F009BD533 /* JogoDaMemoriaApp.swift in Sources */,
			);
			runOnlyForDeploymentPostprocessing = 0;
		};
		84C9028E27D24460009BD533 /* Sources */ = {
			isa = PBXSourcesBuildPhase;
			buildActionMask = 2147483647;
			files = (
				84C9029727D24460009BD533 /* JogoDaMemoriaTests.swift in Sources */,
			);
			runOnlyForDeploymentPostprocessing = 0;
		};
		84C9029827D24460009BD533 /* Sources */ = {
			isa = PBXSourcesBuildPhase;
			buildActionMask = 2147483647;
			files = (
				84C902A127D24460009BD533 /* JogoDaMemoriaUITests.swift in Sources */,
				84C902A327D24460009BD533 /* JogoDaMemoriaUITestsLaunchTests.swift in Sources */,
			);
			runOnlyForDeploymentPostprocessing = 0;
		};
/* End PBXSourcesBuildPhase section */

/* Begin PBXTargetDependency section */
		84C9029427D24460009BD533 /* PBXTargetDependency */ = {
			isa = PBXTargetDependency;
			target = 84C9028127D2445F009BD533 /* JogoDaMemoria */;
			targetProxy = 84C9029327D24460009BD533 /* PBXContainerItemProxy */;
		};
		84C9029E27D24460009BD533 /* PBXTargetDependency */ = {
			isa = PBXTargetDependency;
			target = 84C9028127D2445F009BD533 /* JogoDaMemoria */;
			targetProxy = 84C9029D27D24460009BD533 /* PBXContainerItemProxy */;
		};
/* End PBXTargetDependency section */

/* Begin XCBuildConfiguration section */
		84C902A427D24460009BD533 /* Debug */ = {
			isa = XCBuildConfiguration;
			buildSettings = {
				ALWAYS_SEARCH_USER_PATHS = NO;
				CLANG_ANALYZER_NONNULL = YES;
				CLANG_ANALYZER_NUMBER_OBJECT_CONVERSION = YES_AGGRESSIVE;
				CLANG_CXX_LANGUAGE_STANDARD = "gnu++17";
				CLANG_CXX_LIBRARY = "libc++";
				CLANG_ENABLE_MODULES = YES;
				CLANG_ENABLE_OBJC_ARC = YES;
				CLANG_ENABLE_OBJC_WEAK = YES;
				CLANG_WARN_BLOCK_CAPTURE_AUTORELEASING = YES;
				CLANG_WARN_BOOL_CONVERSION = YES;
				CLANG_WARN_COMMA = YES;
				CLANG_WARN_CONSTANT_CONVERSION = YES;
				CLANG_WARN_DEPRECATED_OBJC_IMPLEMENTATIONS = YES;
				CLANG_WARN_DIRECT_OBJC_ISA_USAGE = YES_ERROR;
				CLANG_WARN_DOCUMENTATION_COMMENTS = YES;
				CLANG_WARN_EMPTY_BODY = YES;
				CLANG_WARN_ENUM_CONVERSION = YES;
				CLANG_WARN_INFINITE_RECURSION = YES;
				CLANG_WARN_INT_CONVERSION = YES;
				CLANG_WARN_NON_LITERAL_NULL_CONVERSION = YES;
				CLANG_WARN_OBJC_IMPLICIT_RETAIN_SELF = YES;
				CLANG_WARN_OBJC_LITERAL_CONVERSION = YES;
				CLANG_WARN_OBJC_ROOT_CLASS = YES_ERROR;
				CLANG_WARN_QUOTED_INCLUDE_IN_FRAMEWORK_HEADER = YES;
				CLANG_WARN_RANGE_LOOP_ANALYSIS = YES;
				CLANG_WARN_STRICT_PROTOTYPES = YES;
				CLANG_WARN_SUSPICIOUS_MOVE = YES;
				CLANG_WARN_UNGUARDED_AVAILABILITY = YES_AGGRESSIVE;
				CLANG_WARN_UNREACHABLE_CODE = YES;
				CLANG_WARN__DUPLICATE_METHOD_MATCH = YES;
				COPY_PHASE_STRIP = NO;
				DEBUG_INFORMATION_FORMAT = dwarf;
				ENABLE_STRICT_OBJC_MSGSEND = YES;
				ENABLE_TESTABILITY = YES;
				GCC_C_LANGUAGE_STANDARD = gnu11;
				GCC_DYNAMIC_NO_PIC = NO;
				GCC_NO_COMMON_BLOCKS = YES;
				GCC_OPTIMIZATION_LEVEL = 0;
				GCC_PREPROCESSOR_DEFINITIONS = (
					"DEBUG=1",
					"$(inherited)",
				);
				GCC_WARN_64_TO_32_BIT_CONVERSION = YES;
				GCC_WARN_ABOUT_RETURN_TYPE = YES_ERROR;
				GCC_WARN_UNDECLARED_SELECTOR = YES;
				GCC_WARN_UNINITIALIZED_AUTOS = YES_AGGRESSIVE;
				GCC_WARN_UNUSED_FUNCTION = YES;
				GCC_WARN_UNUSED_VARIABLE = YES;
				IPHONEOS_DEPLOYMENT_TARGET = 15.2;
				MTL_ENABLE_DEBUG_INFO = INCLUDE_SOURCE;
				MTL_FAST_MATH = YES;
				ONLY_ACTIVE_ARCH = YES;
				SDKROOT = iphoneos;
				SWIFT_ACTIVE_COMPILATION_CONDITIONS = DEBUG;
				SWIFT_OPTIMIZATION_LEVEL = "-Onone";
			};
			name = Debug;
		};
		84C902A527D24460009BD533 /* Release */ = {
			isa = XCBuildConfiguration;
			buildSettings = {
				ALWAYS_SEARCH_USER_PATHS = NO;
				CLANG_ANALYZER_NONNULL = YES;
				CLANG_ANALYZER_NUMBER_OBJECT_CONVERSION = YES_AGGRESSIVE;
				CLANG_CXX_LANGUAGE_STANDARD = "gnu++17";
				CLANG_CXX_LIBRARY = "libc++";
				CLANG_ENABLE_MODULES = YES;
				CLANG_ENABLE_OBJC_ARC = YES;
				CLANG_ENABLE_OBJC_WEAK = YES;
				CLANG_WARN_BLOCK_CAPTURE_AUTORELEASING = YES;
				CLANG_WARN_BOOL_CONVERSION = YES;
				CLANG_WARN_COMMA = YES;
				CLANG_WARN_CONSTANT_CONVERSION = YES;
				CLANG_WARN_DEPRECATED_OBJC_IMPLEMENTATIONS = YES;
				CLANG_WARN_DIRECT_OBJC_ISA_USAGE = YES_ERROR;
				CLANG_WARN_DOCUMENTATION_COMMENTS = YES;
				CLANG_WARN_EMPTY_BODY = YES;
				CLANG_WARN_ENUM_CONVERSION = YES;
				CLANG_WARN_INFINITE_RECURSION = YES;
				CLANG_WARN_INT_CONVERSION = YES;
				CLANG_WARN_NON_LITERAL_NULL_CONVERSION = YES;
				CLANG_WARN_OBJC_IMPLICIT_RETAIN_SELF = YES;
				CLANG_WARN_OBJC_LITERAL_CONVERSION = YES;
				CLANG_WARN_OBJC_ROOT_CLASS = YES_ERROR;
				CLANG_WARN_QUOTED_INCLUDE_IN_FRAMEWORK_HEADER = YES;
				CLANG_WARN_RANGE_LOOP_ANALYSIS = YES;
				CLANG_WARN_STRICT_PROTOTYPES = YES;
				CLANG_WARN_SUSPICIOUS_MOVE = YES;
				CLANG_WARN_UNGUARDED_AVAILABILITY = YES_AGGRESSIVE;
				CLANG_WARN_UNREACHABLE_CODE = YES;
				CLANG_WARN__DUPLICATE_METHOD_MATCH = YES;
				COPY_PHASE_STRIP = NO;
				DEBUG_INFORMATION_FORMAT = "dwarf-with-dsym";
				ENABLE_NS_ASSERTIONS = NO;
				ENABLE_STRICT_OBJC_MSGSEND = YES;
				GCC_C_LANGUAGE_STANDARD = gnu11;
				GCC_NO_COMMON_BLOCKS = YES;
				GCC_WARN_64_TO_32_BIT_CONVERSION = YES;
				GCC_WARN_ABOUT_RETURN_TYPE = YES_ERROR;
				GCC_WARN_UNDECLARED_SELECTOR = YES;
				GCC_WARN_UNINITIALIZED_AUTOS = YES_AGGRESSIVE;
				GCC_WARN_UNUSED_FUNCTION = YES;
				GCC_WARN_UNUSED_VARIABLE = YES;
				IPHONEOS_DEPLOYMENT_TARGET = 15.2;
				MTL_ENABLE_DEBUG_INFO = NO;
				MTL_FAST_MATH = YES;
				SDKROOT = iphoneos;
				SWIFT_COMPILATION_MODE = wholemodule;
				SWIFT_OPTIMIZATION_LEVEL = "-O";
				VALIDATE_PRODUCT = YES;
			};
			name = Release;
		};
		84C902A727D24460009BD533 /* Debug */ = {
			isa = XCBuildConfiguration;
			buildSettings = {
				ASSETCATALOG_COMPILER_APPICON_NAME = AppIcon;
				ASSETCATALOG_COMPILER_GLOBAL_ACCENT_COLOR_NAME = AccentColor;
				CODE_SIGN_STYLE = Automatic;
				CURRENT_PROJECT_VERSION = 1;
				DEVELOPMENT_ASSET_PATHS = "\"JogoDaMemoria/Preview Content\"";
				ENABLE_PREVIEWS = YES;
				GENERATE_INFOPLIST_FILE = YES;
				INFOPLIST_KEY_UIApplicationSceneManifest_Generation = YES;
				INFOPLIST_KEY_UIApplicationSupportsIndirectInputEvents = YES;
				INFOPLIST_KEY_UILaunchScreen_Generation = YES;
				INFOPLIST_KEY_UISupportedInterfaceOrientations_iPad = "UIInterfaceOrientationPortrait UIInterfaceOrientationPortraitUpsideDown UIInterfaceOrientationLandscapeLeft UIInterfaceOrientationLandscapeRight";
				INFOPLIST_KEY_UISupportedInterfaceOrientations_iPhone = "UIInterfaceOrientationPortrait UIInterfaceOrientationLandscapeLeft UIInterfaceOrientationLandscapeRight";
				LD_RUNPATH_SEARCH_PATHS = (
					"$(inherited)",
					"@executable_path/Frameworks",
				);
				MARKETING_VERSION = 1.0;
				PRODUCT_BUNDLE_IDENTIFIER = RafaelDePaulaMaia.JogoDaMemoria;
				PRODUCT_NAME = "$(TARGET_NAME)";
				SWIFT_EMIT_LOC_STRINGS = YES;
				SWIFT_VERSION = 5.0;
				TARGETED_DEVICE_FAMILY = "1,2";
			};
			name = Debug;
		};
		84C902A827D24460009BD533 /* Release */ = {
			isa = XCBuildConfiguration;
			buildSettings = {
				ASSETCATALOG_COMPILER_APPICON_NAME = AppIcon;
				ASSETCATALOG_COMPILER_GLOBAL_ACCENT_COLOR_NAME = AccentColor;
				CODE_SIGN_STYLE = Automatic;
				CURRENT_PROJECT_VERSION = 1;
				DEVELOPMENT_ASSET_PATHS = "\"JogoDaMemoria/Preview Content\"";
				ENABLE_PREVIEWS = YES;
				GENERATE_INFOPLIST_FILE = YES;
				INFOPLIST_KEY_UIApplicationSceneManifest_Generation = YES;
				INFOPLIST_KEY_UIApplicationSupportsIndirectInputEvents = YES;
				INFOPLIST_KEY_UILaunchScreen_Generation = YES;
				INFOPLIST_KEY_UISupportedInterfaceOrientations_iPad = "UIInterfaceOrientationPortrait UIInterfaceOrientationPortraitUpsideDown UIInterfaceOrientationLandscapeLeft UIInterfaceOrientationLandscapeRight";
				INFOPLIST_KEY_UISupportedInterfaceOrientations_iPhone = "UIInterfaceOrientationPortrait UIInterfaceOrientationLandscapeLeft UIInterfaceOrientationLandscapeRight";
				LD_RUNPATH_SEARCH_PATHS = (
					"$(inherited)",
					"@executable_path/Frameworks",
				);
				MARKETING_VERSION = 1.0;
				PRODUCT_BUNDLE_IDENTIFIER = RafaelDePaulaMaia.JogoDaMemoria;
				PRODUCT_NAME = "$(TARGET_NAME)";
				SWIFT_EMIT_LOC_STRINGS = YES;
				SWIFT_VERSION = 5.0;
				TARGETED_DEVICE_FAMILY = "1,2";
			};
			name = Release;
		};
		84C902AA27D24460009BD533 /* Debug */ = {
			isa = XCBuildConfiguration;
			buildSettings = {
				ALWAYS_EMBED_SWIFT_STANDARD_LIBRARIES = YES;
				BUNDLE_LOADER = "$(TEST_HOST)";
				CODE_SIGN_STYLE = Automatic;
				CURRENT_PROJECT_VERSION = 1;
				GENERATE_INFOPLIST_FILE = YES;
				IPHONEOS_DEPLOYMENT_TARGET = 15.2;
				MARKETING_VERSION = 1.0;
				PRODUCT_BUNDLE_IDENTIFIER = RafaelDePaulaMaia.JogoDaMemoriaTests;
				PRODUCT_NAME = "$(TARGET_NAME)";
				SWIFT_EMIT_LOC_STRINGS = NO;
				SWIFT_VERSION = 5.0;
				TARGETED_DEVICE_FAMILY = "1,2";
				TEST_HOST = "$(BUILT_PRODUCTS_DIR)/JogoDaMemoria.app/JogoDaMemoria";
			};
			name = Debug;
		};
		84C902AB27D24460009BD533 /* Release */ = {
			isa = XCBuildConfiguration;
			buildSettings = {
				ALWAYS_EMBED_SWIFT_STANDARD_LIBRARIES = YES;
				BUNDLE_LOADER = "$(TEST_HOST)";
				CODE_SIGN_STYLE = Automatic;
				CURRENT_PROJECT_VERSION = 1;
				GENERATE_INFOPLIST_FILE = YES;
				IPHONEOS_DEPLOYMENT_TARGET = 15.2;
				MARKETING_VERSION = 1.0;
				PRODUCT_BUNDLE_IDENTIFIER = RafaelDePaulaMaia.JogoDaMemoriaTests;
				PRODUCT_NAME = "$(TARGET_NAME)";
				SWIFT_EMIT_LOC_STRINGS = NO;
				SWIFT_VERSION = 5.0;
				TARGETED_DEVICE_FAMILY = "1,2";
				TEST_HOST = "$(BUILT_PRODUCTS_DIR)/JogoDaMemoria.app/JogoDaMemoria";
			};
			name = Release;
		};
		84C902AD27D24460009BD533 /* Debug */ = {
			isa = XCBuildConfiguration;
			buildSettings = {
				ALWAYS_EMBED_SWIFT_STANDARD_LIBRARIES = YES;
				CODE_SIGN_STYLE = Automatic;
				CURRENT_PROJECT_VERSION = 1;
				GENERATE_INFOPLIST_FILE = YES;
				MARKETING_VERSION = 1.0;
				PRODUCT_BUNDLE_IDENTIFIER = RafaelDePaulaMaia.JogoDaMemoriaUITests;
				PRODUCT_NAME = "$(TARGET_NAME)";
				SWIFT_EMIT_LOC_STRINGS = NO;
				SWIFT_VERSION = 5.0;
				TARGETED_DEVICE_FAMILY = "1,2";
				TEST_TARGET_NAME = JogoDaMemoria;
			};
			name = Debug;
		};
		84C902AE27D24460009BD533 /* Release */ = {
			isa = XCBuildConfiguration;
			buildSettings = {
				ALWAYS_EMBED_SWIFT_STANDARD_LIBRARIES = YES;
				CODE_SIGN_STYLE = Automatic;
				CURRENT_PROJECT_VERSION = 1;
				GENERATE_INFOPLIST_FILE = YES;
				MARKETING_VERSION = 1.0;
				PRODUCT_BUNDLE_IDENTIFIER = RafaelDePaulaMaia.JogoDaMemoriaUITests;
				PRODUCT_NAME = "$(TARGET_NAME)";
				SWIFT_EMIT_LOC_STRINGS = NO;
				SWIFT_VERSION = 5.0;
				TARGETED_DEVICE_FAMILY = "1,2";
				TEST_TARGET_NAME = JogoDaMemoria;
			};
			name = Release;
		};
/* End XCBuildConfiguration section */

/* Begin XCConfigurationList section */
		84C9027D27D2445F009BD533 /* Build configuration list for PBXProject "JogoDaMemoria" */ = {
			isa = XCConfigurationList;
			buildConfigurations = (
				84C902A427D24460009BD533 /* Debug */,
				84C902A527D24460009BD533 /* Release */,
			);
			defaultConfigurationIsVisible = 0;
			defaultConfigurationName = Release;
		};
		84C902A627D24460009BD533 /* Build configuration list for PBXNativeTarget "JogoDaMemoria" */ = {
			isa = XCConfigurationList;
			buildConfigurations = (
				84C902A727D24460009BD533 /* Debug */,
				84C902A827D24460009BD533 /* Release */,
			);
			defaultConfigurationIsVisible = 0;
			defaultConfigurationName = Release;
		};
		84C902A927D24460009BD533 /* Build configuration list for PBXNativeTarget "JogoDaMemoriaTests" */ = {
			isa = XCConfigurationList;
			buildConfigurations = (
				84C902AA27D24460009BD533 /* Debug */,
				84C902AB27D24460009BD533 /* Release */,
			);
			defaultConfigurationIsVisible = 0;
			defaultConfigurationName = Release;
		};
		84C902AC27D24460009BD533 /* Build configuration list for PBXNativeTarget "JogoDaMemoriaUITests" */ = {
			isa = XCConfigurationList;
			buildConfigurations = (
				84C902AD27D24460009BD533 /* Debug */,
				84C902AE27D24460009BD533 /* Release */,
			);
			defaultConfigurationIsVisible = 0;
			defaultConfigurationName = Release;
		};
/* End XCConfigurationList section */
	};
	rootObject = 84C9027A27D2445F009BD533 /* Project object */;
}
